
Microsoft Visual Studio Solution File, Format Version 12.00
# Visual Studio 2012
Project("{FAE04EC0-301F-11D3-BF4B-00C04F79EFBC}") = "jyuici", "jyuici\jyuici.csproj", "{AA1206A2-7ECA-430A-A74F-A15FB9BF27C8}"
EndProject
Global
	GlobalSection(SolutionConfigurationPlatforms) = preSolution
		Debug|Any CPU = Debug|Any CPU
		Release|Any CPU = Release|Any CPU
	EndGlobalSection
	GlobalSection(ProjectConfigurationPlatforms) = postSolution
		{AA1206A2-7ECA-430A-A74F-A15FB9BF27C8}.Debug|Any CPU.ActiveCfg = Debug|Any CPU
		{AA1206A2-7ECA-430A-A74F-A15FB9BF27C8}.Debug|Any CPU.Build.0 = Debug|Any CPU
		{AA1206A2-7ECA-430A-A74F-A15FB9BF27C8}.Release|Any CPU.ActiveCfg = Release|Any CPU
		{AA1206A2-7ECA-430A-A74F-A15FB9BF27C8}.Release|Any CPU.Build.0 = Release|Any CPU
	EndGlobalSection
	GlobalSection(SolutionProperties) = preSolution
		HideSolutionNode = FALSE
	EndGlobalSection
EndGlobal
